// !$*UTF8*$!
{
	archiveVersion = 1;
	classes = {
	};
	objectVersion = 48;
	objects = {

/* Begin PBXBuildFile section */
		50AA1E411FA0DE04001F983F /* AppDelegate.swift in Sources */ = {isa = PBXBuildFile; fileRef = 50AA1E401FA0DE04001F983F /* AppDelegate.swift */; };
		50AA1E431FA0DE04001F983F /* LoginVC.swift in Sources */ = {isa = PBXBuildFile; fileRef = 50AA1E421FA0DE04001F983F /* LoginVC.swift */; };
		50AA1E461FA0DE04001F983F /* Main.storyboard in Resources */ = {isa = PBXBuildFile; fileRef = 50AA1E441FA0DE04001F983F /* Main.storyboard */; };
		50AA1E481FA0DE04001F983F /* Assets.xcassets in Resources */ = {isa = PBXBuildFile; fileRef = 50AA1E471FA0DE04001F983F /* Assets.xcassets */; };
		50AA1E4B1FA0DE04001F983F /* LaunchScreen.storyboard in Resources */ = {isa = PBXBuildFile; fileRef = 50AA1E491FA0DE04001F983F /* LaunchScreen.storyboard */; };
		50AA1E531FA0DED4001F983F /* GoogleService-Info.plist in Resources */ = {isa = PBXBuildFile; fileRef = 50AA1E521FA0DED4001F983F /* GoogleService-Info.plist */; };
		50AA1E581FA10579001F983F /* signUpVC.swift in Sources */ = {isa = PBXBuildFile; fileRef = 50AA1E571FA10579001F983F /* signUpVC.swift */; };
		50AA1E5A1FA111BB001F983F /* WelcomeViewController.swift in Sources */ = {isa = PBXBuildFile; fileRef = 50AA1E591FA111BB001F983F /* WelcomeViewController.swift */; };
		5EF8550CFF7A8D37F234E578 /* Pods_messageApp.framework in Frameworks */ = {isa = PBXBuildFile; fileRef = F662690BA0048FEB7357B05B /* Pods_messageApp.framework */; };
/* End PBXBuildFile section */

/* Begin PBXFileReference section */
		50AA1E3D1FA0DE04001F983F /* messageApp.app */ = {isa = PBXFileReference; explicitFileType = wrapper.application; includeInIndex = 0; path = messageApp.app; sourceTree = BUILT_PRODUCTS_DIR; };
		50AA1E401FA0DE04001F983F /* AppDelegate.swift */ = {isa = PBXFileReference; lastKnownFileType = sourcecode.swift; path = AppDelegate.swift; sourceTree = "<group>"; };
		50AA1E421FA0DE04001F983F /* LoginVC.swift */ = {isa = PBXFileReference; lastKnownFileType = sourcecode.swift; path = LoginVC.swift; sourceTree = "<group>"; };
		50AA1E451FA0DE04001F983F /* Base */ = {isa = PBXFileReference; lastKnownFileType = file.storyboard; name = Base; path = Base.lproj/Main.storyboard; sourceTree = "<group>"; };
		50AA1E471FA0DE04001F983F /* Assets.xcassets */ = {isa = PBXFileReference; lastKnownFileType = folder.assetcatalog; path = Assets.xcassets; sourceTree = "<group>"; };
		50AA1E4A1FA0DE04001F983F /* Base */ = {isa = PBXFileReference; lastKnownFileType = file.storyboard; name = Base; path = Base.lproj/LaunchScreen.storyboard; sourceTree = "<group>"; };
		50AA1E4C1FA0DE04001F983F /* Info.plist */ = {isa = PBXFileReference; lastKnownFileType = text.plist.xml; path = Info.plist; sourceTree = "<group>"; };
		50AA1E521FA0DED4001F983F /* GoogleService-Info.plist */ = {isa = PBXFileReference; fileEncoding = 4; lastKnownFileType = text.plist.xml; path = "GoogleService-Info.plist"; sourceTree = "<group>"; };
		50AA1E571FA10579001F983F /* signUpVC.swift */ = {isa = PBXFileReference; lastKnownFileType = sourcecode.swift; path = signUpVC.swift; sourceTree = "<group>"; };
		50AA1E591FA111BB001F983F /* WelcomeViewController.swift */ = {isa = PBXFileReference; lastKnownFileType = sourcecode.swift; path = WelcomeViewController.swift; sourceTree = "<group>"; };
		8FA967DC4E54CFE4639BD970 /* Pods-messageApp.debug.xcconfig */ = {isa = PBXFileReference; includeInIndex = 1; lastKnownFileType = text.xcconfig; name = "Pods-messageApp.debug.xcconfig"; path = "Pods/Target Support Files/Pods-messageApp/Pods-messageApp.debug.xcconfig"; sourceTree = "<group>"; };
		9FCB5A625E1EA9B81ACF1DCB /* Pods-messageApp.release.xcconfig */ = {isa = PBXFileReference; includeInIndex = 1; lastKnownFileType = text.xcconfig; name = "Pods-messageApp.release.xcconfig"; path = "Pods/Target Support Files/Pods-messageApp/Pods-messageApp.release.xcconfig"; sourceTree = "<group>"; };
		F662690BA0048FEB7357B05B /* Pods_messageApp.framework */ = {isa = PBXFileReference; explicitFileType = wrapper.framework; includeInIndex = 0; path = Pods_messageApp.framework; sourceTree = BUILT_PRODUCTS_DIR; };
/* End PBXFileReference section */

/* Begin PBXFrameworksBuildPhase section */
		50AA1E3A1FA0DE04001F983F /* Frameworks */ = {
			isa = PBXFrameworksBuildPhase;
			buildActionMask = 2147483647;
			files = (
				5EF8550CFF7A8D37F234E578 /* Pods_messageApp.framework in Frameworks */,
			);
			runOnlyForDeploymentPostprocessing = 0;
		};
/* End PBXFrameworksBuildPhase section */

/* Begin PBXGroup section */
		34193D1CCFF41A384C878EF5 /* Pods */ = {
			isa = PBXGroup;
			children = (
				8FA967DC4E54CFE4639BD970 /* Pods-messageApp.debug.xcconfig */,
				9FCB5A625E1EA9B81ACF1DCB /* Pods-messageApp.release.xcconfig */,
			);
			name = Pods;
			sourceTree = "<group>";
		};
		50AA1E341FA0DE04001F983F = {
			isa = PBXGroup;
			children = (
				50AA1E3F1FA0DE04001F983F /* messageApp */,
				50AA1E3E1FA0DE04001F983F /* Products */,
				34193D1CCFF41A384C878EF5 /* Pods */,
				9CF6CAB6D9C3C1EAEC7ED0D9 /* Frameworks */,
			);
			sourceTree = "<group>";
		};
		50AA1E3E1FA0DE04001F983F /* Products */ = {
			isa = PBXGroup;
			children = (
				50AA1E3D1FA0DE04001F983F /* messageApp.app */,
			);
			name = Products;
			sourceTree = "<group>";
		};
		50AA1E3F1FA0DE04001F983F /* messageApp */ = {
			isa = PBXGroup;
			children = (
				50AA1E561FA0F4D3001F983F /* Controller */,
				50AA1E551FA0F4CE001F983F /* View */,
				50AA1E541FA0F4C5001F983F /* Model */,
				50AA1E401FA0DE04001F983F /* AppDelegate.swift */,
				50AA1E441FA0DE04001F983F /* Main.storyboard */,
				50AA1E471FA0DE04001F983F /* Assets.xcassets */,
				50AA1E491FA0DE04001F983F /* LaunchScreen.storyboard */,
				50AA1E521FA0DED4001F983F /* GoogleService-Info.plist */,
				50AA1E4C1FA0DE04001F983F /* Info.plist */,
			);
			path = messageApp;
			sourceTree = "<group>";
		};
		50AA1E541FA0F4C5001F983F /* Model */ = {
			isa = PBXGroup;
			children = (
			);
			path = Model;
			sourceTree = "<group>";
		};
		50AA1E551FA0F4CE001F983F /* View */ = {
			isa = PBXGroup;
			children = (
			);
			path = View;
			sourceTree = "<group>";
		};
		50AA1E561FA0F4D3001F983F /* Controller */ = {
			isa = PBXGroup;
			children = (
				50AA1E421FA0DE04001F983F /* LoginVC.swift */,
				50AA1E571FA10579001F983F /* signUpVC.swift */,
				50AA1E591FA111BB001F983F /* WelcomeViewController.swift */,
			);
			path = Controller;
			sourceTree = "<group>";
		};
		9CF6CAB6D9C3C1EAEC7ED0D9 /* Frameworks */ = {
			isa = PBXGroup;
			children = (
				F662690BA0048FEB7357B05B /* Pods_messageApp.framework */,
			);
			name = Frameworks;
			sourceTree = "<group>";
		};
/* End PBXGroup section */

/* Begin PBXNativeTarget section */
		50AA1E3C1FA0DE04001F983F /* messageApp */ = {
			isa = PBXNativeTarget;
			buildConfigurationList = 50AA1E4F1FA0DE04001F983F /* Build configuration list for PBXNativeTarget "messageApp" */;
			buildPhases = (
				8A7A5A00DB26BA7B2E024F0D /* [CP] Check Pods Manifest.lock */,
				50AA1E391FA0DE04001F983F /* Sources */,
				50AA1E3A1FA0DE04001F983F /* Frameworks */,
				50AA1E3B1FA0DE04001F983F /* Resources */,
				D6B6507E26E4AB87D6349640 /* [CP] Embed Pods Frameworks */,
				FE258CEA343579ECD92BD3B1 /* [CP] Copy Pods Resources */,
			);
			buildRules = (
			);
			dependencies = (
			);
			name = messageApp;
			productName = messageApp;
			productReference = 50AA1E3D1FA0DE04001F983F /* messageApp.app */;
			productType = "com.apple.product-type.application";
		};
/* End PBXNativeTarget section */

/* Begin PBXProject section */
		50AA1E351FA0DE04001F983F /* Project object */ = {
			isa = PBXProject;
			attributes = {
				LastSwiftUpdateCheck = 0900;
				LastUpgradeCheck = 0900;
				ORGANIZATIONNAME = HiiamL0ki;
				TargetAttributes = {
					50AA1E3C1FA0DE04001F983F = {
						CreatedOnToolsVersion = 9.0.1;
						ProvisioningStyle = Automatic;
					};
				};
			};
			buildConfigurationList = 50AA1E381FA0DE04001F983F /* Build configuration list for PBXProject "messageApp" */;
			compatibilityVersion = "Xcode 8.0";
			developmentRegion = en;
			hasScannedForEncodings = 0;
			knownRegions = (
				en,
				Base,
			);
			mainGroup = 50AA1E341FA0DE04001F983F;
			productRefGroup = 50AA1E3E1FA0DE04001F983F /* Products */;
			projectDirPath = "";
			projectRoot = "";
			targets = (
				50AA1E3C1FA0DE04001F983F /* messageApp */,
			);
		};
/* End PBXProject section */

/* Begin PBXResourcesBuildPhase section */
		50AA1E3B1FA0DE04001F983F /* Resources */ = {
			isa = PBXResourcesBuildPhase;
			buildActionMask = 2147483647;
			files = (
				50AA1E4B1FA0DE04001F983F /* LaunchScreen.storyboard in Resources */,
				50AA1E531FA0DED4001F983F /* GoogleService-Info.plist in Resources */,
				50AA1E481FA0DE04001F983F /* Assets.xcassets in Resources */,
				50AA1E461FA0DE04001F983F /* Main.storyboard in Resources */,
			);
			runOnlyForDeploymentPostprocessing = 0;
		};
/* End PBXResourcesBuildPhase section */

/* Begin PBXShellScriptBuildPhase section */
		8A7A5A00DB26BA7B2E024F0D /* [CP] Check Pods Manifest.lock */ = {
			isa = PBXShellScriptBuildPhase;
			buildActionMask = 2147483647;
			files = (
			);
			inputPaths = (
				"${PODS_PODFILE_DIR_PATH}/Podfile.lock",
				"${PODS_ROOT}/Manifest.lock",
			);
			name = "[CP] Check Pods Manifest.lock";
			outputPaths = (
				"$(DERIVED_FILE_DIR)/Pods-messageApp-checkManifestLockResult.txt",
			);
			runOnlyForDeploymentPostprocessing = 0;
			shellPath = /bin/sh;
			shellScript = "diff \"${PODS_PODFILE_DIR_PATH}/Podfile.lock\" \"${PODS_ROOT}/Manifest.lock\" > /dev/null\nif [ $? != 0 ] ; then\n    # print error to STDERR\n    echo \"error: The sandbox is not in sync with the Podfile.lock. Run 'pod install' or update your CocoaPods installation.\" >&2\n    exit 1\nfi\n# This output is used by Xcode 'outputs' to avoid re-running this script phase.\necho \"SUCCESS\" > \"${SCRIPT_OUTPUT_FILE_0}\"\n";
			showEnvVarsInLog = 0;
		};
		D6B6507E26E4AB87D6349640 /* [CP] Embed Pods Frameworks */ = {
			isa = PBXShellScriptBuildPhase;
			buildActionMask = 2147483647;
			files = (
			);
			inputPaths = (
				"${SRCROOT}/Pods/Target Support Files/Pods-messageApp/Pods-messageApp-frameworks.sh",
				"${BUILT_PRODUCTS_DIR}/GTMSessionFetcher/GTMSessionFetcher.framework",
				"${BUILT_PRODUCTS_DIR}/GoogleToolboxForMac/GoogleToolboxForMac.framework",
				"${BUILT_PRODUCTS_DIR}/SwiftKeychainWrapper/SwiftKeychainWrapper.framework",
				"${BUILT_PRODUCTS_DIR}/leveldb-library/leveldb.framework",
				"${BUILT_PRODUCTS_DIR}/nanopb/nanopb.framework",
			);
			name = "[CP] Embed Pods Frameworks";
			outputPaths = (
				"${TARGET_BUILD_DIR}/${FRAMEWORKS_FOLDER_PATH}/GTMSessionFetcher.framework",
				"${TARGET_BUILD_DIR}/${FRAMEWORKS_FOLDER_PATH}/GoogleToolboxForMac.framework",
				"${TARGET_BUILD_DIR}/${FRAMEWORKS_FOLDER_PATH}/SwiftKeychainWrapper.framework",
				"${TARGET_BUILD_DIR}/${FRAMEWORKS_FOLDER_PATH}/leveldb.framework",
				"${TARGET_BUILD_DIR}/${FRAMEWORKS_FOLDER_PATH}/nanopb.framework",
			);
			runOnlyForDeploymentPostprocessing = 0;
			shellPath = /bin/sh;
			shellScript = "\"${SRCROOT}/Pods/Target Support Files/Pods-messageApp/Pods-messageApp-frameworks.sh\"\n";
			showEnvVarsInLog = 0;
		};
		FE258CEA343579ECD92BD3B1 /* [CP] Copy Pods Resources */ = {
			isa = PBXShellScriptBuildPhase;
			buildActionMask = 2147483647;
			files = (
			);
			inputPaths = (
			);
			name = "[CP] Copy Pods Resources";
			outputPaths = (
			);
			runOnlyForDeploymentPostprocessing = 0;
			shellPath = /bin/sh;
			shellScript = "\"${SRCROOT}/Pods/Target Support Files/Pods-messageApp/Pods-messageApp-resources.sh\"\n";
			showEnvVarsInLog = 0;
		};
/* End PBXShellScriptBuildPhase section */

/* Begin PBXSourcesBuildPhase section */
		50AA1E391FA0DE04001F983F /* Sources */ = {
			isa = PBXSourcesBuildPhase;
			buildActionMask = 2147483647;
			files = (
				50AA1E581FA10579001F983F /* signUpVC.swift in Sources */,
				50AA1E5A1FA111BB001F983F /* WelcomeViewController.swift in Sources */,
				50AA1E431FA0DE04001F983F /* LoginVC.swift in Sources */,
				50AA1E411FA0DE04001F983F /* AppDelegate.swift in Sources */,
			);
			runOnlyForDeploymentPostprocessing = 0;
		};
/* End PBXSourcesBuildPhase section */

/* Begin PBXVariantGroup section */
		50AA1E441FA0DE04001F983F /* Main.storyboard */ = {
			isa = PBXVariantGroup;
			children = (
				50AA1E451FA0DE04001F983F /* Base */,
			);
			name = Main.storyboard;
			sourceTree = "<group>";
		};
		50AA1E491FA0DE04001F983F /* LaunchScreen.storyboard */ = {
			isa = PBXVariantGroup;
			children = (
				50AA1E4A1FA0DE04001F983F /* Base */,
			);
			name = LaunchScreen.storyboard;
			sourceTree = "<group>";
		};
/* End PBXVariantGroup section */

/* Begin XCBuildConfiguration section */
		50AA1E4D1FA0DE04001F983F /* Debug */ = {
			isa = XCBuildConfiguration;
			buildSettings = {
				ALWAYS_SEARCH_USER_PATHS = NO;
				CLANG_ANALYZER_NONNULL = YES;
				CLANG_ANALYZER_NUMBER_OBJECT_CONVERSION = YES_AGGRESSIVE;
				CLANG_CXX_LANGUAGE_STANDARD = "gnu++14";
				CLANG_CXX_LIBRARY = "libc++";
				CLANG_ENABLE_MODULES = YES;
				CLANG_ENABLE_OBJC_ARC = YES;
				CLANG_WARN_BLOCK_CAPTURE_AUTORELEASING = YES;
				CLANG_WARN_BOOL_CONVERSION = YES;
				CLANG_WARN_COMMA = YES;
				CLANG_WARN_CONSTANT_CONVERSION = YES;
				CLANG_WARN_DIRECT_OBJC_ISA_USAGE = YES_ERROR;
				CLANG_WARN_DOCUMENTATION_COMMENTS = YES;
				CLANG_WARN_EMPTY_BODY = YES;
				CLANG_WARN_ENUM_CONVERSION = YES;
				CLANG_WARN_INFINITE_RECURSION = YES;
				CLANG_WARN_INT_CONVERSION = YES;
				CLANG_WARN_NON_LITERAL_NULL_CONVERSION = YES;
				CLANG_WARN_OBJC_LITERAL_CONVERSION = YES;
				CLANG_WARN_OBJC_ROOT_CLASS = YES_ERROR;
				CLANG_WARN_RANGE_LOOP_ANALYSIS = YES;
				CLANG_WARN_STRICT_PROTOTYPES = YES;
				CLANG_WARN_SUSPICIOUS_MOVE = YES;
				CLANG_WARN_UNGUARDED_AVAILABILITY = YES_AGGRESSIVE;
				CLANG_WARN_UNREACHABLE_CODE = YES;
				CLANG_WARN__DUPLICATE_METHOD_MATCH = YES;
				CODE_SIGN_IDENTITY = "iPhone Developer";
				COPY_PHASE_STRIP = NO;
				DEBUG_INFORMATION_FORMAT = dwarf;
				ENABLE_STRICT_OBJC_MSGSEND = YES;
				ENABLE_TESTABILITY = YES;
				GCC_C_LANGUAGE_STANDARD = gnu11;
				GCC_DYNAMIC_NO_PIC = NO;
				GCC_NO_COMMON_BLOCKS = YES;
				GCC_OPTIMIZATION_LEVEL = 0;
				GCC_PREPROCESSOR_DEFINITIONS = (
					"DEBUG=1",
					"$(inherited)",
				);
				GCC_WARN_64_TO_32_BIT_CONVERSION = YES;
				GCC_WARN_ABOUT_RETURN_TYPE = YES_ERROR;
				GCC_WARN_UNDECLARED_SELECTOR = YES;
				GCC_WARN_UNINITIALIZED_AUTOS = YES_AGGRESSIVE;
				GCC_WARN_UNUSED_FUNCTION = YES;
				GCC_WARN_UNUSED_VARIABLE = YES;
				IPHONEOS_DEPLOYMENT_TARGET = 11.0;
				MTL_ENABLE_DEBUG_INFO = YES;
				ONLY_ACTIVE_ARCH = YES;
				SDKROOT = iphoneos;
				SWIFT_ACTIVE_COMPILATION_CONDITIONS = DEBUG;
				SWIFT_OPTIMIZATION_LEVEL = "-Onone";
			};
			name = Debug;
		};
		50AA1E4E1FA0DE04001F983F /* Release */ = {
			isa = XCBuildConfiguration;
			buildSettings = {
				ALWAYS_SEARCH_USER_PATHS = NO;
				CLANG_ANALYZER_NONNULL = YES;
				CLANG_ANALYZER_NUMBER_OBJECT_CONVERSION = YES_AGGRESSIVE;
				CLANG_CXX_LANGUAGE_STANDARD = "gnu++14";
				CLANG_CXX_LIBRARY = "libc++";
				CLANG_ENABLE_MODULES = YES;
				CLANG_ENABLE_OBJC_ARC = YES;
				CLANG_WARN_BLOCK_CAPTURE_AUTORELEASING = YES;
				CLANG_WARN_BOOL_CONVERSION = YES;
				CLANG_WARN_COMMA = YES;
				CLANG_WARN_CONSTANT_CONVERSION = YES;
				CLANG_WARN_DIRECT_OBJC_ISA_USAGE = YES_ERROR;
				CLANG_WARN_DOCUMENTATION_COMMENTS = YES;
				CLANG_WARN_EMPTY_BODY = YES;
				CLANG_WARN_ENUM_CONVERSION = YES;
				CLANG_WARN_INFINITE_RECURSION = YES;
				CLANG_WARN_INT_CONVERSION = YES;
				CLANG_WARN_NON_LITERAL_NULL_CONVERSION = YES;
				CLANG_WARN_OBJC_LITERAL_CONVERSION = YES;
				CLANG_WARN_OBJC_ROOT_CLASS = YES_ERROR;
				CLANG_WARN_RANGE_LOOP_ANALYSIS = YES;
				CLANG_WARN_STRICT_PROTOTYPES = YES;
				CLANG_WARN_SUSPICIOUS_MOVE = YES;
				CLANG_WARN_UNGUARDED_AVAILABILITY = YES_AGGRESSIVE;
				CLANG_WARN_UNREACHABLE_CODE = YES;
				CLANG_WARN__DUPLICATE_METHOD_MATCH = YES;
				CODE_SIGN_IDENTITY = "iPhone Developer";
				COPY_PHASE_STRIP = NO;
				DEBUG_INFORMATION_FORMAT = "dwarf-with-dsym";
				ENABLE_NS_ASSERTIONS = NO;
				ENABLE_STRICT_OBJC_MSGSEND = YES;
				GCC_C_LANGUAGE_STANDARD = gnu11;
				GCC_NO_COMMON_BLOCKS = YES;
				GCC_WARN_64_TO_32_BIT_CONVERSION = YES;
				GCC_WARN_ABOUT_RETURN_TYPE = YES_ERROR;
				GCC_WARN_UNDECLARED_SELECTOR = YES;
				GCC_WARN_UNINITIALIZED_AUTOS = YES_AGGRESSIVE;
				GCC_WARN_UNUSED_FUNCTION = YES;
				GCC_WARN_UNUSED_VARIABLE = YES;
				IPHONEOS_DEPLOYMENT_TARGET = 11.0;
				MTL_ENABLE_DEBUG_INFO = NO;
				SDKROOT = iphoneos;
				SWIFT_OPTIMIZATION_LEVEL = "-Owholemodule";
				VALIDATE_PRODUCT = YES;
			};
			name = Release;
		};
		50AA1E501FA0DE04001F983F /* Debug */ = {
			isa = XCBuildConfiguration;
			baseConfigurationReference = 8FA967DC4E54CFE4639BD970 /* Pods-messageApp.debug.xcconfig */;
			buildSettings = {
				ASSETCATALOG_COMPILER_APPICON_NAME = AppIcon;
				CODE_SIGN_STYLE = Automatic;
				DEVELOPMENT_TEAM = 9YMC6SW6D2;
				INFOPLIST_FILE = messageApp/Info.plist;
				LD_RUNPATH_SEARCH_PATHS = "$(inherited) @executable_path/Frameworks";
				PRODUCT_BUNDLE_IDENTIFIER = ca.ace.messageApp;
				PRODUCT_NAME = "$(TARGET_NAME)";
				SWIFT_VERSION = 4.0;
				TARGETED_DEVICE_FAMILY = "1,2";
			};
			name = Debug;
		};
		50AA1E511FA0DE04001F983F /* Release */ = {
			isa = XCBuildConfiguration;
			baseConfigurationReference = 9FCB5A625E1EA9B81ACF1DCB /* Pods-messageApp.release.xcconfig */;
			buildSettings = {
				ASSETCATALOG_COMPILER_APPICON_NAME = AppIcon;
				CODE_SIGN_STYLE = Automatic;
				DEVELOPMENT_TEAM = 9YMC6SW6D2;
				INFOPLIST_FILE = messageApp/Info.plist;
				LD_RUNPATH_SEARCH_PATHS = "$(inherited) @executable_path/Frameworks";
				PRODUCT_BUNDLE_IDENTIFIER = ca.ace.messageApp;
				PRODUCT_NAME = "$(TARGET_NAME)";
				SWIFT_VERSION = 4.0;
				TARGETED_DEVICE_FAMILY = "1,2";
			};
			name = Release;
		};
/* End XCBuildConfiguration section */

/* Begin XCConfigurationList section */
		50AA1E381FA0DE04001F983F /* Build configuration list for PBXProject "messageApp" */ = {
			isa = XCConfigurationList;
			buildConfigurations = (
				50AA1E4D1FA0DE04001F983F /* Debug */,
				50AA1E4E1FA0DE04001F983F /* Release */,
			);
			defaultConfigurationIsVisible = 0;
			defaultConfigurationName = Release;
		};
		50AA1E4F1FA0DE04001F983F /* Build configuration list for PBXNativeTarget "messageApp" */ = {
			isa = XCConfigurationList;
			buildConfigurations = (
				50AA1E501FA0DE04001F983F /* Debug */,
				50AA1E511FA0DE04001F983F /* Release */,
			);
			defaultConfigurationIsVisible = 0;
			defaultConfigurationName = Release;
		};
/* End XCConfigurationList section */
	};
	rootObject = 50AA1E351FA0DE04001F983F /* Project object */;
}
